// !$*UTF8*$!
{
	archiveVersion = 1;
	classes = {
	};
	objectVersion = 55;
	objects = {

/* Begin PBXBuildFile section */
		221846942830B92A00FA6857 /* README.md in Resources */ = {isa = PBXBuildFile; fileRef = 221846932830B92A00FA6857 /* README.md */; };
		221846A32830C8A900FA6857 /* CGPointTests.swift in Sources */ = {isa = PBXBuildFile; fileRef = 221846A22830C8A900FA6857 /* CGPointTests.swift */; };
		221846A52830CC8500FA6857 /* CGSizeTests.swift in Sources */ = {isa = PBXBuildFile; fileRef = 221846A42830CC8500FA6857 /* CGSizeTests.swift */; };
		221846A72830CE2800FA6857 /* CGRectTests.swift in Sources */ = {isa = PBXBuildFile; fileRef = 221846A62830CE2800FA6857 /* CGRectTests.swift */; };
		221846AA2830E44400FA6857 /* UIViewTests.swift in Sources */ = {isa = PBXBuildFile; fileRef = 221846A92830E44400FA6857 /* UIViewTests.swift */; };
		22F5E52B282F4FC100EEA8B5 /* AppDelegate.swift in Sources */ = {isa = PBXBuildFile; fileRef = 22F5E52A282F4FC100EEA8B5 /* AppDelegate.swift */; };
		22F5E52D282F4FC100EEA8B5 /* SceneDelegate.swift in Sources */ = {isa = PBXBuildFile; fileRef = 22F5E52C282F4FC100EEA8B5 /* SceneDelegate.swift */; };
		22F5E52F282F4FC100EEA8B5 /* ViewController.swift in Sources */ = {isa = PBXBuildFile; fileRef = 22F5E52E282F4FC100EEA8B5 /* ViewController.swift */; };
		22F5E532282F4FC100EEA8B5 /* Main.storyboard in Resources */ = {isa = PBXBuildFile; fileRef = 22F5E530282F4FC100EEA8B5 /* Main.storyboard */; };
		22F5E534282F4FC100EEA8B5 /* Assets.xcassets in Resources */ = {isa = PBXBuildFile; fileRef = 22F5E533282F4FC100EEA8B5 /* Assets.xcassets */; };
		22F5E537282F4FC100EEA8B5 /* LaunchScreen.storyboard in Resources */ = {isa = PBXBuildFile; fileRef = 22F5E535282F4FC100EEA8B5 /* LaunchScreen.storyboard */; };
		22F5E540282F5B1F00EEA8B5 /* CGRect+Layout.swift in Sources */ = {isa = PBXBuildFile; fileRef = 22F5E53F282F5B1F00EEA8B5 /* CGRect+Layout.swift */; };
		22F5E542282F694A00EEA8B5 /* CGPoint+Layout.swift in Sources */ = {isa = PBXBuildFile; fileRef = 22F5E541282F694A00EEA8B5 /* CGPoint+Layout.swift */; };
		22F5E544282F69F000EEA8B5 /* UIView+Layout.swift in Sources */ = {isa = PBXBuildFile; fileRef = 22F5E543282F69F000EEA8B5 /* UIView+Layout.swift */; };
		22F5E546282F7CAB00EEA8B5 /* CGSize+Layout.swift in Sources */ = {isa = PBXBuildFile; fileRef = 22F5E545282F7CAB00EEA8B5 /* CGSize+Layout.swift */; };
		22F5E54A282F7FB300EEA8B5 /* UIEdgeInsets+Layout.swift in Sources */ = {isa = PBXBuildFile; fileRef = 22F5E549282F7FB300EEA8B5 /* UIEdgeInsets+Layout.swift */; };
/* End PBXBuildFile section */

/* Begin PBXContainerItemProxy section */
		2218469D2830C88E00FA6857 /* PBXContainerItemProxy */ = {
			isa = PBXContainerItemProxy;
			containerPortal = 22F5E51F282F4FC100EEA8B5 /* Project object */;
			proxyType = 1;
			remoteGlobalIDString = 22F5E526282F4FC100EEA8B5;
			remoteInfo = SpackleExample;
		};
/* End PBXContainerItemProxy section */

/* Begin PBXFileReference section */
		221846932830B92A00FA6857 /* README.md */ = {isa = PBXFileReference; fileEncoding = 4; lastKnownFileType = net.daringfireball.markdown; path = README.md; sourceTree = "<group>"; };
		221846992830C88E00FA6857 /* CGLayoutKitTests.xctest */ = {isa = PBXFileReference; explicitFileType = wrapper.cfbundle; includeInIndex = 0; path = CGLayoutKitTests.xctest; sourceTree = BUILT_PRODUCTS_DIR; };
		221846A22830C8A900FA6857 /* CGPointTests.swift */ = {isa = PBXFileReference; lastKnownFileType = sourcecode.swift; path = CGPointTests.swift; sourceTree = "<group>"; };
		221846A42830CC8500FA6857 /* CGSizeTests.swift */ = {isa = PBXFileReference; lastKnownFileType = sourcecode.swift; path = CGSizeTests.swift; sourceTree = "<group>"; };
		221846A62830CE2800FA6857 /* CGRectTests.swift */ = {isa = PBXFileReference; lastKnownFileType = sourcecode.swift; path = CGRectTests.swift; sourceTree = "<group>"; };
		221846A92830E44400FA6857 /* UIViewTests.swift */ = {isa = PBXFileReference; lastKnownFileType = sourcecode.swift; path = UIViewTests.swift; sourceTree = "<group>"; };
		22F5E527282F4FC100EEA8B5 /* CGLayoutKitExample.app */ = {isa = PBXFileReference; explicitFileType = wrapper.application; includeInIndex = 0; path = CGLayoutKitExample.app; sourceTree = BUILT_PRODUCTS_DIR; };
		22F5E52A282F4FC100EEA8B5 /* AppDelegate.swift */ = {isa = PBXFileReference; lastKnownFileType = sourcecode.swift; path = AppDelegate.swift; sourceTree = "<group>"; };
		22F5E52C282F4FC100EEA8B5 /* SceneDelegate.swift */ = {isa = PBXFileReference; lastKnownFileType = sourcecode.swift; path = SceneDelegate.swift; sourceTree = "<group>"; };
		22F5E52E282F4FC100EEA8B5 /* ViewController.swift */ = {isa = PBXFileReference; lastKnownFileType = sourcecode.swift; path = ViewController.swift; sourceTree = "<group>"; };
		22F5E531282F4FC100EEA8B5 /* Base */ = {isa = PBXFileReference; lastKnownFileType = file.storyboard; name = Base; path = Base.lproj/Main.storyboard; sourceTree = "<group>"; };
		22F5E533282F4FC100EEA8B5 /* Assets.xcassets */ = {isa = PBXFileReference; lastKnownFileType = folder.assetcatalog; path = Assets.xcassets; sourceTree = "<group>"; };
		22F5E536282F4FC100EEA8B5 /* Base */ = {isa = PBXFileReference; lastKnownFileType = file.storyboard; name = Base; path = Base.lproj/LaunchScreen.storyboard; sourceTree = "<group>"; };
		22F5E538282F4FC100EEA8B5 /* Info.plist */ = {isa = PBXFileReference; lastKnownFileType = text.plist.xml; path = Info.plist; sourceTree = "<group>"; };
		22F5E53F282F5B1F00EEA8B5 /* CGRect+Layout.swift */ = {isa = PBXFileReference; lastKnownFileType = sourcecode.swift; path = "CGRect+Layout.swift"; sourceTree = "<group>"; };
		22F5E541282F694A00EEA8B5 /* CGPoint+Layout.swift */ = {isa = PBXFileReference; lastKnownFileType = sourcecode.swift; path = "CGPoint+Layout.swift"; sourceTree = "<group>"; };
		22F5E543282F69F000EEA8B5 /* UIView+Layout.swift */ = {isa = PBXFileReference; lastKnownFileType = sourcecode.swift; path = "UIView+Layout.swift"; sourceTree = "<group>"; };
		22F5E545282F7CAB00EEA8B5 /* CGSize+Layout.swift */ = {isa = PBXFileReference; lastKnownFileType = sourcecode.swift; path = "CGSize+Layout.swift"; sourceTree = "<group>"; };
		22F5E549282F7FB300EEA8B5 /* UIEdgeInsets+Layout.swift */ = {isa = PBXFileReference; lastKnownFileType = sourcecode.swift; path = "UIEdgeInsets+Layout.swift"; sourceTree = "<group>"; };
/* End PBXFileReference section */

/* Begin PBXFrameworksBuildPhase section */
		221846962830C88E00FA6857 /* Frameworks */ = {
			isa = PBXFrameworksBuildPhase;
			buildActionMask = 2147483647;
			files = (
			);
			runOnlyForDeploymentPostprocessing = 0;
		};
		22F5E524282F4FC100EEA8B5 /* Frameworks */ = {
			isa = PBXFrameworksBuildPhase;
			buildActionMask = 2147483647;
			files = (
			);
			runOnlyForDeploymentPostprocessing = 0;
		};
/* End PBXFrameworksBuildPhase section */

/* Begin PBXGroup section */
		2218469A2830C88E00FA6857 /* CGLayoutKitTests */ = {
			isa = PBXGroup;
			children = (
				221846A22830C8A900FA6857 /* CGPointTests.swift */,
				221846A42830CC8500FA6857 /* CGSizeTests.swift */,
				221846A62830CE2800FA6857 /* CGRectTests.swift */,
				221846A92830E44400FA6857 /* UIViewTests.swift */,
			);
			path = CGLayoutKitTests;
			sourceTree = "<group>";
		};
		22F5E51E282F4FC100EEA8B5 = {
			isa = PBXGroup;
			children = (
				22F5E53E282F573500EEA8B5 /* CGLayoutKit */,
				22F5E529282F4FC100EEA8B5 /* CGLayoutKitExample */,
				2218469A2830C88E00FA6857 /* CGLayoutKitTests */,
				221846932830B92A00FA6857 /* README.md */,
				22F5E528282F4FC100EEA8B5 /* Products */,
			);
			sourceTree = "<group>";
		};
		22F5E528282F4FC100EEA8B5 /* Products */ = {
			isa = PBXGroup;
			children = (
				22F5E527282F4FC100EEA8B5 /* CGLayoutKitExample.app */,
				221846992830C88E00FA6857 /* CGLayoutKitTests.xctest */,
			);
			name = Products;
			sourceTree = "<group>";
		};
		22F5E529282F4FC100EEA8B5 /* CGLayoutKitExample */ = {
			isa = PBXGroup;
			children = (
				22F5E52A282F4FC100EEA8B5 /* AppDelegate.swift */,
				22F5E52C282F4FC100EEA8B5 /* SceneDelegate.swift */,
				22F5E52E282F4FC100EEA8B5 /* ViewController.swift */,
				22F5E530282F4FC100EEA8B5 /* Main.storyboard */,
				22F5E533282F4FC100EEA8B5 /* Assets.xcassets */,
				22F5E535282F4FC100EEA8B5 /* LaunchScreen.storyboard */,
				22F5E538282F4FC100EEA8B5 /* Info.plist */,
			);
			path = CGLayoutKitExample;
			sourceTree = "<group>";
		};
		22F5E53E282F573500EEA8B5 /* CGLayoutKit */ = {
			isa = PBXGroup;
			children = (
				22F5E547282F7ED800EEA8B5 /* CoreGraphics */,
				22F5E548282F7EE200EEA8B5 /* UIKit */,
			);
			path = CGLayoutKit;
			sourceTree = "<group>";
		};
		22F5E547282F7ED800EEA8B5 /* CoreGraphics */ = {
			isa = PBXGroup;
			children = (
				22F5E541282F694A00EEA8B5 /* CGPoint+Layout.swift */,
				22F5E53F282F5B1F00EEA8B5 /* CGRect+Layout.swift */,
				22F5E545282F7CAB00EEA8B5 /* CGSize+Layout.swift */,
			);
			path = CoreGraphics;
			sourceTree = "<group>";
		};
		22F5E548282F7EE200EEA8B5 /* UIKit */ = {
			isa = PBXGroup;
			children = (
				22F5E543282F69F000EEA8B5 /* UIView+Layout.swift */,
				22F5E549282F7FB300EEA8B5 /* UIEdgeInsets+Layout.swift */,
			);
			path = UIKit;
			sourceTree = "<group>";
		};
/* End PBXGroup section */

/* Begin PBXNativeTarget section */
		221846982830C88E00FA6857 /* CGLayoutKitTests */ = {
			isa = PBXNativeTarget;
			buildConfigurationList = 2218469F2830C88E00FA6857 /* Build configuration list for PBXNativeTarget "CGLayoutKitTests" */;
			buildPhases = (
				221846952830C88E00FA6857 /* Sources */,
				221846962830C88E00FA6857 /* Frameworks */,
				221846972830C88E00FA6857 /* Resources */,
			);
			buildRules = (
			);
			dependencies = (
				2218469E2830C88E00FA6857 /* PBXTargetDependency */,
			);
			name = CGLayoutKitTests;
			productName = SpackleTests;
			productReference = 221846992830C88E00FA6857 /* CGLayoutKitTests.xctest */;
			productType = "com.apple.product-type.bundle.unit-test";
		};
		22F5E526282F4FC100EEA8B5 /* CGLayoutKitExample */ = {
			isa = PBXNativeTarget;
			buildConfigurationList = 22F5E53B282F4FC100EEA8B5 /* Build configuration list for PBXNativeTarget "CGLayoutKitExample" */;
			buildPhases = (
				221846A82830E02D00FA6857 /* Run SwiftLint */,
				22F5E523282F4FC100EEA8B5 /* Sources */,
				22F5E524282F4FC100EEA8B5 /* Frameworks */,
				22F5E525282F4FC100EEA8B5 /* Resources */,
			);
			buildRules = (
			);
			dependencies = (
			);
			name = CGLayoutKitExample;
			productName = CGFramingExample;
			productReference = 22F5E527282F4FC100EEA8B5 /* CGLayoutKitExample.app */;
			productType = "com.apple.product-type.application";
		};
/* End PBXNativeTarget section */

/* Begin PBXProject section */
		22F5E51F282F4FC100EEA8B5 /* Project object */ = {
			isa = PBXProject;
			attributes = {
				BuildIndependentTargetsInParallel = 1;
				LastSwiftUpdateCheck = 1330;
				LastUpgradeCheck = 1330;
				TargetAttributes = {
					221846982830C88E00FA6857 = {
						CreatedOnToolsVersion = 13.3;
						TestTargetID = 22F5E526282F4FC100EEA8B5;
					};
					22F5E526282F4FC100EEA8B5 = {
						CreatedOnToolsVersion = 13.3;
					};
				};
			};
			buildConfigurationList = 22F5E522282F4FC100EEA8B5 /* Build configuration list for PBXProject "CGLayoutKitExample" */;
			compatibilityVersion = "Xcode 13.0";
			developmentRegion = en;
			hasScannedForEncodings = 0;
			knownRegions = (
				en,
				Base,
			);
			mainGroup = 22F5E51E282F4FC100EEA8B5;
			productRefGroup = 22F5E528282F4FC100EEA8B5 /* Products */;
			projectDirPath = "";
			projectRoot = "";
			targets = (
				22F5E526282F4FC100EEA8B5 /* CGLayoutKitExample */,
				221846982830C88E00FA6857 /* CGLayoutKitTests */,
			);
		};
/* End PBXProject section */

/* Begin PBXResourcesBuildPhase section */
		221846972830C88E00FA6857 /* Resources */ = {
			isa = PBXResourcesBuildPhase;
			buildActionMask = 2147483647;
			files = (
			);
			runOnlyForDeploymentPostprocessing = 0;
		};
		22F5E525282F4FC100EEA8B5 /* Resources */ = {
			isa = PBXResourcesBuildPhase;
			buildActionMask = 2147483647;
			files = (
				22F5E537282F4FC100EEA8B5 /* LaunchScreen.storyboard in Resources */,
				22F5E534282F4FC100EEA8B5 /* Assets.xcassets in Resources */,
				221846942830B92A00FA6857 /* README.md in Resources */,
				22F5E532282F4FC100EEA8B5 /* Main.storyboard in Resources */,
			);
			runOnlyForDeploymentPostprocessing = 0;
		};
/* End PBXResourcesBuildPhase section */

/* Begin PBXShellScriptBuildPhase section */
		221846A82830E02D00FA6857 /* Run SwiftLint */ = {
			isa = PBXShellScriptBuildPhase;
			buildActionMask = 2147483647;
			files = (
			);
			inputFileListPaths = (
			);
			inputPaths = (
			);
			name = "Run SwiftLint";
			outputFileListPaths = (
			);
			outputPaths = (
			);
			runOnlyForDeploymentPostprocessing = 0;
			shellPath = /bin/sh;
			shellScript = "export PATH=\"$PATH:/opt/homebrew/bin\"\nif which swiftlint > /dev/null; then\n  swiftlint\nelse\n  echo \"warning: SwiftLint not installed, download from https://github.com/realm/SwiftLint\"\nfi\n";
		};
/* End PBXShellScriptBuildPhase section */

/* Begin PBXSourcesBuildPhase section */
		221846952830C88E00FA6857 /* Sources */ = {
			isa = PBXSourcesBuildPhase;
			buildActionMask = 2147483647;
			files = (
				221846AA2830E44400FA6857 /* UIViewTests.swift in Sources */,
				221846A52830CC8500FA6857 /* CGSizeTests.swift in Sources */,
				221846A72830CE2800FA6857 /* CGRectTests.swift in Sources */,
				221846A32830C8A900FA6857 /* CGPointTests.swift in Sources */,
			);
			runOnlyForDeploymentPostprocessing = 0;
		};
		22F5E523282F4FC100EEA8B5 /* Sources */ = {
			isa = PBXSourcesBuildPhase;
			buildActionMask = 2147483647;
			files = (
				22F5E546282F7CAB00EEA8B5 /* CGSize+Layout.swift in Sources */,
				22F5E52F282F4FC100EEA8B5 /* ViewController.swift in Sources */,
				22F5E544282F69F000EEA8B5 /* UIView+Layout.swift in Sources */,
				22F5E54A282F7FB300EEA8B5 /* UIEdgeInsets+Layout.swift in Sources */,
				22F5E542282F694A00EEA8B5 /* CGPoint+Layout.swift in Sources */,
				22F5E52B282F4FC100EEA8B5 /* AppDelegate.swift in Sources */,
				22F5E540282F5B1F00EEA8B5 /* CGRect+Layout.swift in Sources */,
				22F5E52D282F4FC100EEA8B5 /* SceneDelegate.swift in Sources */,
			);
			runOnlyForDeploymentPostprocessing = 0;
		};
/* End PBXSourcesBuildPhase section */

/* Begin PBXTargetDependency section */
		2218469E2830C88E00FA6857 /* PBXTargetDependency */ = {
			isa = PBXTargetDependency;
			target = 22F5E526282F4FC100EEA8B5 /* CGLayoutKitExample */;
			targetProxy = 2218469D2830C88E00FA6857 /* PBXContainerItemProxy */;
		};
/* End PBXTargetDependency section */

/* Begin PBXVariantGroup section */
		22F5E530282F4FC100EEA8B5 /* Main.storyboard */ = {
			isa = PBXVariantGroup;
			children = (
				22F5E531282F4FC100EEA8B5 /* Base */,
			);
			name = Main.storyboard;
			sourceTree = "<group>";
		};
		22F5E535282F4FC100EEA8B5 /* LaunchScreen.storyboard */ = {
			isa = PBXVariantGroup;
			children = (
				22F5E536282F4FC100EEA8B5 /* Base */,
			);
			name = LaunchScreen.storyboard;
			sourceTree = "<group>";
		};
/* End PBXVariantGroup section */

/* Begin XCBuildConfiguration section */
		221846A02830C88E00FA6857 /* Debug */ = {
			isa = XCBuildConfiguration;
			buildSettings = {
				BUNDLE_LOADER = "$(TEST_HOST)";
				CODE_SIGN_STYLE = Automatic;
				CURRENT_PROJECT_VERSION = 1;
				DEVELOPMENT_TEAM = 6LF3GMKZAB;
				GENERATE_INFOPLIST_FILE = YES;
				MARKETING_VERSION = 1.0;
				PRODUCT_BUNDLE_IDENTIFIER = dev.tim.SpackleTests;
				PRODUCT_NAME = "$(TARGET_NAME)";
				SWIFT_EMIT_LOC_STRINGS = NO;
				SWIFT_VERSION = 5.0;
				TARGETED_DEVICE_FAMILY = "1,2";
				TEST_HOST = "$(BUILT_PRODUCTS_DIR)/CGLayoutKitExample.app/CGLayoutKitExample";
			};
			name = Debug;
		};
		221846A12830C88E00FA6857 /* Release */ = {
			isa = XCBuildConfiguration;
			buildSettings = {
				BUNDLE_LOADER = "$(TEST_HOST)";
				CODE_SIGN_STYLE = Automatic;
				CURRENT_PROJECT_VERSION = 1;
				DEVELOPMENT_TEAM = 6LF3GMKZAB;
				GENERATE_INFOPLIST_FILE = YES;
				MARKETING_VERSION = 1.0;
				PRODUCT_BUNDLE_IDENTIFIER = dev.tim.SpackleTests;
				PRODUCT_NAME = "$(TARGET_NAME)";
				SWIFT_EMIT_LOC_STRINGS = NO;
				SWIFT_VERSION = 5.0;
				TARGETED_DEVICE_FAMILY = "1,2";
				TEST_HOST = "$(BUILT_PRODUCTS_DIR)/CGLayoutKitExample.app/CGLayoutKitExample";
			};
			name = Release;
		};
		22F5E539282F4FC100EEA8B5 /* Debug */ = {
			isa = XCBuildConfiguration;
			buildSettings = {
				ALWAYS_SEARCH_USER_PATHS = NO;
				CLANG_ANALYZER_NONNULL = YES;
				CLANG_ANALYZER_NUMBER_OBJECT_CONVERSION = YES_AGGRESSIVE;
				CLANG_CXX_LANGUAGE_STANDARD = "gnu++17";
				CLANG_ENABLE_MODULES = YES;
				CLANG_ENABLE_OBJC_ARC = YES;
				CLANG_ENABLE_OBJC_WEAK = YES;
				CLANG_WARN_BLOCK_CAPTURE_AUTORELEASING = YES;
				CLANG_WARN_BOOL_CONVERSION = YES;
				CLANG_WARN_COMMA = YES;
				CLANG_WARN_CONSTANT_CONVERSION = YES;
				CLANG_WARN_DEPRECATED_OBJC_IMPLEMENTATIONS = YES;
				CLANG_WARN_DIRECT_OBJC_ISA_USAGE = YES_ERROR;
				CLANG_WARN_DOCUMENTATION_COMMENTS = YES;
				CLANG_WARN_EMPTY_BODY = YES;
				CLANG_WARN_ENUM_CONVERSION = YES;
				CLANG_WARN_INFINITE_RECURSION = YES;
				CLANG_WARN_INT_CONVERSION = YES;
				CLANG_WARN_NON_LITERAL_NULL_CONVERSION = YES;
				CLANG_WARN_OBJC_IMPLICIT_RETAIN_SELF = YES;
				CLANG_WARN_OBJC_LITERAL_CONVERSION = YES;
				CLANG_WARN_OBJC_ROOT_CLASS = YES_ERROR;
				CLANG_WARN_QUOTED_INCLUDE_IN_FRAMEWORK_HEADER = YES;
				CLANG_WARN_RANGE_LOOP_ANALYSIS = YES;
				CLANG_WARN_STRICT_PROTOTYPES = YES;
				CLANG_WARN_SUSPICIOUS_MOVE = YES;
				CLANG_WARN_UNGUARDED_AVAILABILITY = YES_AGGRESSIVE;
				CLANG_WARN_UNREACHABLE_CODE = YES;
				CLANG_WARN__DUPLICATE_METHOD_MATCH = YES;
				COPY_PHASE_STRIP = NO;
				DEBUG_INFORMATION_FORMAT = dwarf;
				ENABLE_STRICT_OBJC_MSGSEND = YES;
				ENABLE_TESTABILITY = YES;
				GCC_C_LANGUAGE_STANDARD = gnu11;
				GCC_DYNAMIC_NO_PIC = NO;
				GCC_NO_COMMON_BLOCKS = YES;
				GCC_OPTIMIZATION_LEVEL = 0;
				GCC_PREPROCESSOR_DEFINITIONS = (
					"DEBUG=1",
					"$(inherited)",
				);
				GCC_WARN_64_TO_32_BIT_CONVERSION = YES;
				GCC_WARN_ABOUT_RETURN_TYPE = YES_ERROR;
				GCC_WARN_UNDECLARED_SELECTOR = YES;
				GCC_WARN_UNINITIALIZED_AUTOS = YES_AGGRESSIVE;
				GCC_WARN_UNUSED_FUNCTION = YES;
				GCC_WARN_UNUSED_VARIABLE = YES;
				IPHONEOS_DEPLOYMENT_TARGET = 13.0;
				MTL_ENABLE_DEBUG_INFO = INCLUDE_SOURCE;
				MTL_FAST_MATH = YES;
				ONLY_ACTIVE_ARCH = YES;
				SDKROOT = iphoneos;
				SWIFT_ACTIVE_COMPILATION_CONDITIONS = DEBUG;
				SWIFT_OPTIMIZATION_LEVEL = "-Onone";
			};
			name = Debug;
		};
		22F5E53A282F4FC100EEA8B5 /* Release */ = {
			isa = XCBuildConfiguration;
			buildSettings = {
				ALWAYS_SEARCH_USER_PATHS = NO;
				CLANG_ANALYZER_NONNULL = YES;
				CLANG_ANALYZER_NUMBER_OBJECT_CONVERSION = YES_AGGRESSIVE;
				CLANG_CXX_LANGUAGE_STANDARD = "gnu++17";
				CLANG_ENABLE_MODULES = YES;
				CLANG_ENABLE_OBJC_ARC = YES;
				CLANG_ENABLE_OBJC_WEAK = YES;
				CLANG_WARN_BLOCK_CAPTURE_AUTORELEASING = YES;
				CLANG_WARN_BOOL_CONVERSION = YES;
				CLANG_WARN_COMMA = YES;
				CLANG_WARN_CONSTANT_CONVERSION = YES;
				CLANG_WARN_DEPRECATED_OBJC_IMPLEMENTATIONS = YES;
				CLANG_WARN_DIRECT_OBJC_ISA_USAGE = YES_ERROR;
				CLANG_WARN_DOCUMENTATION_COMMENTS = YES;
				CLANG_WARN_EMPTY_BODY = YES;
				CLANG_WARN_ENUM_CONVERSION = YES;
				CLANG_WARN_INFINITE_RECURSION = YES;
				CLANG_WARN_INT_CONVERSION = YES;
				CLANG_WARN_NON_LITERAL_NULL_CONVERSION = YES;
				CLANG_WARN_OBJC_IMPLICIT_RETAIN_SELF = YES;
				CLANG_WARN_OBJC_LITERAL_CONVERSION = YES;
				CLANG_WARN_OBJC_ROOT_CLASS = YES_ERROR;
				CLANG_WARN_QUOTED_INCLUDE_IN_FRAMEWORK_HEADER = YES;
				CLANG_WARN_RANGE_LOOP_ANALYSIS = YES;
				CLANG_WARN_STRICT_PROTOTYPES = YES;
				CLANG_WARN_SUSPICIOUS_MOVE = YES;
				CLANG_WARN_UNGUARDED_AVAILABILITY = YES_AGGRESSIVE;
				CLANG_WARN_UNREACHABLE_CODE = YES;
				CLANG_WARN__DUPLICATE_METHOD_MATCH = YES;
				COPY_PHASE_STRIP = NO;
				DEBUG_INFORMATION_FORMAT = "dwarf-with-dsym";
				ENABLE_NS_ASSERTIONS = NO;
				ENABLE_STRICT_OBJC_MSGSEND = YES;
				GCC_C_LANGUAGE_STANDARD = gnu11;
				GCC_NO_COMMON_BLOCKS = YES;
				GCC_WARN_64_TO_32_BIT_CONVERSION = YES;
				GCC_WARN_ABOUT_RETURN_TYPE = YES_ERROR;
				GCC_WARN_UNDECLARED_SELECTOR = YES;
				GCC_WARN_UNINITIALIZED_AUTOS = YES_AGGRESSIVE;
				GCC_WARN_UNUSED_FUNCTION = YES;
				GCC_WARN_UNUSED_VARIABLE = YES;
				IPHONEOS_DEPLOYMENT_TARGET = 13.0;
				MTL_ENABLE_DEBUG_INFO = NO;
				MTL_FAST_MATH = YES;
				SDKROOT = iphoneos;
				SWIFT_COMPILATION_MODE = wholemodule;
				SWIFT_OPTIMIZATION_LEVEL = "-O";
				VALIDATE_PRODUCT = YES;
			};
			name = Release;
		};
		22F5E53C282F4FC100EEA8B5 /* Debug */ = {
			isa = XCBuildConfiguration;
			buildSettings = {
				ASSETCATALOG_COMPILER_APPICON_NAME = AppIcon;
				ASSETCATALOG_COMPILER_GLOBAL_ACCENT_COLOR_NAME = AccentColor;
				CODE_SIGN_STYLE = Automatic;
				CURRENT_PROJECT_VERSION = 1;
				DEVELOPMENT_TEAM = 6LF3GMKZAB;
				GENERATE_INFOPLIST_FILE = YES;
				INFOPLIST_FILE = CGLayoutKitExample/Info.plist;
				INFOPLIST_KEY_UIApplicationSupportsIndirectInputEvents = YES;
				INFOPLIST_KEY_UILaunchStoryboardName = LaunchScreen;
				INFOPLIST_KEY_UIMainStoryboardFile = Main;
				INFOPLIST_KEY_UISupportedInterfaceOrientations_iPad = "UIInterfaceOrientationPortrait UIInterfaceOrientationPortraitUpsideDown UIInterfaceOrientationLandscapeLeft UIInterfaceOrientationLandscapeRight";
				INFOPLIST_KEY_UISupportedInterfaceOrientations_iPhone = "UIInterfaceOrientationPortrait UIInterfaceOrientationLandscapeLeft UIInterfaceOrientationLandscapeRight";
				IPHONEOS_DEPLOYMENT_TARGET = 13.0;
				LD_RUNPATH_SEARCH_PATHS = (
					"$(inherited)",
					"@executable_path/Frameworks",
				);
				MARKETING_VERSION = 1.0;
				PRODUCT_BUNDLE_IDENTIFIER = dev.tim.CGLayoutKit;
				PRODUCT_NAME = "$(TARGET_NAME)";
				SWIFT_EMIT_LOC_STRINGS = YES;
				SWIFT_VERSION = 5.0;
				TARGETED_DEVICE_FAMILY = "1,2";
			};
			name = Debug;
		};
		22F5E53D282F4FC100EEA8B5 /* Release */ = {
			isa = XCBuildConfiguration;
			buildSettings = {
				ASSETCATALOG_COMPILER_APPICON_NAME = AppIcon;
				ASSETCATALOG_COMPILER_GLOBAL_ACCENT_COLOR_NAME = AccentColor;
				CODE_SIGN_STYLE = Automatic;
				CURRENT_PROJECT_VERSION = 1;
				DEVELOPMENT_TEAM = 6LF3GMKZAB;
				GENERATE_INFOPLIST_FILE = YES;
				INFOPLIST_FILE = CGLayoutKitExample/Info.plist;
				INFOPLIST_KEY_UIApplicationSupportsIndirectInputEvents = YES;
				INFOPLIST_KEY_UILaunchStoryboardName = LaunchScreen;
				INFOPLIST_KEY_UIMainStoryboardFile = Main;
				INFOPLIST_KEY_UISupportedInterfaceOrientations_iPad = "UIInterfaceOrientationPortrait UIInterfaceOrientationPortraitUpsideDown UIInterfaceOrientationLandscapeLeft UIInterfaceOrientationLandscapeRight";
				INFOPLIST_KEY_UISupportedInterfaceOrientations_iPhone = "UIInterfaceOrientationPortrait UIInterfaceOrientationLandscapeLeft UIInterfaceOrientationLandscapeRight";
				IPHONEOS_DEPLOYMENT_TARGET = 13.0;
				LD_RUNPATH_SEARCH_PATHS = (
					"$(inherited)",
					"@executable_path/Frameworks",
				);
				MARKETING_VERSION = 1.0;
				PRODUCT_BUNDLE_IDENTIFIER = dev.tim.CGLayoutKit;
				PRODUCT_NAME = "$(TARGET_NAME)";
				SWIFT_EMIT_LOC_STRINGS = YES;
				SWIFT_VERSION = 5.0;
				TARGETED_DEVICE_FAMILY = "1,2";
			};
			name = Release;
		};
/* End XCBuildConfiguration section */

/* Begin XCConfigurationList section */
		2218469F2830C88E00FA6857 /* Build configuration list for PBXNativeTarget "CGLayoutKitTests" */ = {
			isa = XCConfigurationList;
			buildConfigurations = (
				221846A02830C88E00FA6857 /* Debug */,
				221846A12830C88E00FA6857 /* Release */,
			);
			defaultConfigurationIsVisible = 0;
			defaultConfigurationName = Release;
		};
		22F5E522282F4FC100EEA8B5 /* Build configuration list for PBXProject "CGLayoutKitExample" */ = {
			isa = XCConfigurationList;
			buildConfigurations = (
				22F5E539282F4FC100EEA8B5 /* Debug */,
				22F5E53A282F4FC100EEA8B5 /* Release */,
			);
			defaultConfigurationIsVisible = 0;
			defaultConfigurationName = Release;
		};
		22F5E53B282F4FC100EEA8B5 /* Build configuration list for PBXNativeTarget "CGLayoutKitExample" */ = {
			isa = XCConfigurationList;
			buildConfigurations = (
				22F5E53C282F4FC100EEA8B5 /* Debug */,
				22F5E53D282F4FC100EEA8B5 /* Release */,
			);
			defaultConfigurationIsVisible = 0;
			defaultConfigurationName = Release;
		};
/* End XCConfigurationList section */
	};
	rootObject = 22F5E51F282F4FC100EEA8B5 /* Project object */;
}
